
Microsoft Visual Studio Solution File, Format Version 12.00
# Visual Studio 15
VisualStudioVersion = 15.0.27703.2026
MinimumVisualStudioVersion = 10.0.40219.1
Project("{FAE04EC0-301F-11D3-BF4B-00C04F79EFBC}") = "WeTransferUploader", "WeTransferUploader\WeTransferUploader.csproj", "{B1CCB15C-3843-4102-8C21-BC2AC1F047CE}"
EndProject
Project("{FAE04EC0-301F-11D3-BF4B-00C04F79EFBC}") = "Console", "Console\Console.csproj", "{6045A19B-A74C-4387-B8AE-4E547FE2EDB6}"
EndProject
Global
	GlobalSection(SolutionConfigurationPlatforms) = preSolution
		Debug|Any CPU = Debug|Any CPU
		Release|Any CPU = Release|Any CPU
	EndGlobalSection
	GlobalSection(ProjectConfigurationPlatforms) = postSolution
		{B1CCB15C-3843-4102-8C21-BC2AC1F047CE}.Debug|Any CPU.ActiveCfg = Debug|Any CPU
		{B1CCB15C-3843-4102-8C21-BC2AC1F047CE}.Debug|Any CPU.Build.0 = Debug|Any CPU
		{B1CCB15C-3843-4102-8C21-BC2AC1F047CE}.Release|Any CPU.ActiveCfg = Release|Any CPU
		{B1CCB15C-3843-4102-8C21-BC2AC1F047CE}.Release|Any CPU.Build.0 = Release|Any CPU
		{6045A19B-A74C-4387-B8AE-4E547FE2EDB6}.Debug|Any CPU.ActiveCfg = Debug|Any CPU
		{6045A19B-A74C-4387-B8AE-4E547FE2EDB6}.Debug|Any CPU.Build.0 = Debug|Any CPU
		{6045A19B-A74C-4387-B8AE-4E547FE2EDB6}.Release|Any CPU.ActiveCfg = Release|Any CPU
		{6045A19B-A74C-4387-B8AE-4E547FE2EDB6}.Release|Any CPU.Build.0 = Release|Any CPU
	EndGlobalSection
	GlobalSection(SolutionProperties) = preSolution
		HideSolutionNode = FALSE
	EndGlobalSection
	GlobalSection(ExtensibilityGlobals) = postSolution
		SolutionGuid = {EC334AB8-782D-4FD5-8300-B08FFBEE80F6}
	EndGlobalSection
EndGlobal
